// !$*UTF8*$!
{
	archiveVersion = 1;
	classes = {
	};
	objectVersion = 55;
	objects = {

/* Begin PBXBuildFile section */
		5A1895763084E97A5D8992D2 /* Pods_lottieAnimation.framework in Frameworks */ = {isa = PBXBuildFile; fileRef = 0124B3ACB8C6879148A05F8D /* Pods_lottieAnimation.framework */; };
		75BDDEEE2702D8AB00013DD6 /* AppDelegate.swift in Sources */ = {isa = PBXBuildFile; fileRef = 75BDDEED2702D8AB00013DD6 /* AppDelegate.swift */; };
		75BDDEF02702D8AB00013DD6 /* SceneDelegate.swift in Sources */ = {isa = PBXBuildFile; fileRef = 75BDDEEF2702D8AB00013DD6 /* SceneDelegate.swift */; };
		75BDDEF22702D8AB00013DD6 /* ViewController.swift in Sources */ = {isa = PBXBuildFile; fileRef = 75BDDEF12702D8AB00013DD6 /* ViewController.swift */; };
		75BDDEF52702D8AB00013DD6 /* Main.storyboard in Resources */ = {isa = PBXBuildFile; fileRef = 75BDDEF32702D8AB00013DD6 /* Main.storyboard */; };
		75BDDEF72702D8AE00013DD6 /* Assets.xcassets in Resources */ = {isa = PBXBuildFile; fileRef = 75BDDEF62702D8AE00013DD6 /* Assets.xcassets */; };
		75BDDEFA2702D8AE00013DD6 /* LaunchScreen.storyboard in Resources */ = {isa = PBXBuildFile; fileRef = 75BDDEF82702D8AE00013DD6 /* LaunchScreen.storyboard */; };
		75D4C9CB2702E12F008181A1 /* pizza.json in Resources */ = {isa = PBXBuildFile; fileRef = 75D4C9CA2702E12F008181A1 /* pizza.json */; };
/* End PBXBuildFile section */

/* Begin PBXFileReference section */
		0124B3ACB8C6879148A05F8D /* Pods_lottieAnimation.framework */ = {isa = PBXFileReference; explicitFileType = wrapper.framework; includeInIndex = 0; path = Pods_lottieAnimation.framework; sourceTree = BUILT_PRODUCTS_DIR; };
		1BBEA28BCB915687F06A9FEE /* Pods-lottieAnimation.debug.xcconfig */ = {isa = PBXFileReference; includeInIndex = 1; lastKnownFileType = text.xcconfig; name = "Pods-lottieAnimation.debug.xcconfig"; path = "Target Support Files/Pods-lottieAnimation/Pods-lottieAnimation.debug.xcconfig"; sourceTree = "<group>"; };
		75BDDEEA2702D8AB00013DD6 /* lottieAnimation.app */ = {isa = PBXFileReference; explicitFileType = wrapper.application; includeInIndex = 0; path = lottieAnimation.app; sourceTree = BUILT_PRODUCTS_DIR; };
		75BDDEED2702D8AB00013DD6 /* AppDelegate.swift */ = {isa = PBXFileReference; lastKnownFileType = sourcecode.swift; path = AppDelegate.swift; sourceTree = "<group>"; };
		75BDDEEF2702D8AB00013DD6 /* SceneDelegate.swift */ = {isa = PBXFileReference; lastKnownFileType = sourcecode.swift; path = SceneDelegate.swift; sourceTree = "<group>"; };
		75BDDEF12702D8AB00013DD6 /* ViewController.swift */ = {isa = PBXFileReference; lastKnownFileType = sourcecode.swift; path = ViewController.swift; sourceTree = "<group>"; };
		75BDDEF42702D8AB00013DD6 /* Base */ = {isa = PBXFileReference; lastKnownFileType = file.storyboard; name = Base; path = Base.lproj/Main.storyboard; sourceTree = "<group>"; };
		75BDDEF62702D8AE00013DD6 /* Assets.xcassets */ = {isa = PBXFileReference; lastKnownFileType = folder.assetcatalog; path = Assets.xcassets; sourceTree = "<group>"; };
		75BDDEF92702D8AE00013DD6 /* Base */ = {isa = PBXFileReference; lastKnownFileType = file.storyboard; name = Base; path = Base.lproj/LaunchScreen.storyboard; sourceTree = "<group>"; };
		75BDDEFB2702D8AE00013DD6 /* Info.plist */ = {isa = PBXFileReference; lastKnownFileType = text.plist.xml; path = Info.plist; sourceTree = "<group>"; };
		75D4C9CA2702E12F008181A1 /* pizza.json */ = {isa = PBXFileReference; fileEncoding = 4; lastKnownFileType = text.json; path = pizza.json; sourceTree = "<group>"; };
		E6673F9B840EDFE66F6D69F6 /* Pods-lottieAnimation.release.xcconfig */ = {isa = PBXFileReference; includeInIndex = 1; lastKnownFileType = text.xcconfig; name = "Pods-lottieAnimation.release.xcconfig"; path = "Target Support Files/Pods-lottieAnimation/Pods-lottieAnimation.release.xcconfig"; sourceTree = "<group>"; };
/* End PBXFileReference section */

/* Begin PBXFrameworksBuildPhase section */
		75BDDEE72702D8AB00013DD6 /* Frameworks */ = {
			isa = PBXFrameworksBuildPhase;
			buildActionMask = 2147483647;
			files = (
				5A1895763084E97A5D8992D2 /* Pods_lottieAnimation.framework in Frameworks */,
			);
			runOnlyForDeploymentPostprocessing = 0;
		};
/* End PBXFrameworksBuildPhase section */

/* Begin PBXGroup section */
		75BDDEE12702D8AB00013DD6 = {
			isa = PBXGroup;
			children = (
				75BDDEEC2702D8AB00013DD6 /* lottieAnimation */,
				75BDDEEB2702D8AB00013DD6 /* Products */,
				E7813A64272D36B69A38ECD8 /* Pods */,
				D64585B56C7ED90D2463F696 /* Frameworks */,
			);
			sourceTree = "<group>";
		};
		75BDDEEB2702D8AB00013DD6 /* Products */ = {
			isa = PBXGroup;
			children = (
				75BDDEEA2702D8AB00013DD6 /* lottieAnimation.app */,
			);
			name = Products;
			sourceTree = "<group>";
		};
		75BDDEEC2702D8AB00013DD6 /* lottieAnimation */ = {
			isa = PBXGroup;
			children = (
				75BDDF032702DAE500013DD6 /* Resources */,
				75BDDF012702D8D800013DD6 /* Base */,
				75BDDF022702D8E200013DD6 /* View */,
				75BDDEF12702D8AB00013DD6 /* ViewController.swift */,
				75BDDEFB2702D8AE00013DD6 /* Info.plist */,
			);
			path = lottieAnimation;
			sourceTree = "<group>";
		};
		75BDDF012702D8D800013DD6 /* Base */ = {
			isa = PBXGroup;
			children = (
				75BDDEED2702D8AB00013DD6 /* AppDelegate.swift */,
				75BDDEEF2702D8AB00013DD6 /* SceneDelegate.swift */,
			);
			path = Base;
			sourceTree = "<group>";
		};
		75BDDF022702D8E200013DD6 /* View */ = {
			isa = PBXGroup;
			children = (
				75BDDEF32702D8AB00013DD6 /* Main.storyboard */,
				75BDDEF82702D8AE00013DD6 /* LaunchScreen.storyboard */,
			);
			path = View;
			sourceTree = "<group>";
		};
		75BDDF032702DAE500013DD6 /* Resources */ = {
			isa = PBXGroup;
			children = (
				75BDDF042702DAF300013DD6 /* Lottie Animations */,
				75BDDEF62702D8AE00013DD6 /* Assets.xcassets */,
			);
			path = Resources;
			sourceTree = "<group>";
		};
		75BDDF042702DAF300013DD6 /* Lottie Animations */ = {
			isa = PBXGroup;
			children = (
				75D4C9CA2702E12F008181A1 /* pizza.json */,
			);
			path = "Lottie Animations";
			sourceTree = "<group>";
		};
		D64585B56C7ED90D2463F696 /* Frameworks */ = {
			isa = PBXGroup;
			children = (
				0124B3ACB8C6879148A05F8D /* Pods_lottieAnimation.framework */,
			);
			name = Frameworks;
			sourceTree = "<group>";
		};
		E7813A64272D36B69A38ECD8 /* Pods */ = {
			isa = PBXGroup;
			children = (
				1BBEA28BCB915687F06A9FEE /* Pods-lottieAnimation.debug.xcconfig */,
				E6673F9B840EDFE66F6D69F6 /* Pods-lottieAnimation.release.xcconfig */,
			);
			path = Pods;
			sourceTree = "<group>";
		};
/* End PBXGroup section */

/* Begin PBXNativeTarget section */
		75BDDEE92702D8AB00013DD6 /* lottieAnimation */ = {
			isa = PBXNativeTarget;
			buildConfigurationList = 75BDDEFE2702D8AE00013DD6 /* Build configuration list for PBXNativeTarget "lottieAnimation" */;
			buildPhases = (
				FE52A07E6F53EFAF7D98A3AB /* [CP] Check Pods Manifest.lock */,
				75BDDEE62702D8AB00013DD6 /* Sources */,
				75BDDEE72702D8AB00013DD6 /* Frameworks */,
				75BDDEE82702D8AB00013DD6 /* Resources */,
				9A0BD714E7B25B18F59BBFCA /* [CP] Embed Pods Frameworks */,
			);
			buildRules = (
			);
			dependencies = (
			);
			name = lottieAnimation;
			productName = lottieAnimation;
			productReference = 75BDDEEA2702D8AB00013DD6 /* lottieAnimation.app */;
			productType = "com.apple.product-type.application";
		};
/* End PBXNativeTarget section */

/* Begin PBXProject section */
		75BDDEE22702D8AB00013DD6 /* Project object */ = {
			isa = PBXProject;
			attributes = {
				BuildIndependentTargetsInParallel = 1;
				LastSwiftUpdateCheck = 1300;
				LastUpgradeCheck = 1300;
				TargetAttributes = {
					75BDDEE92702D8AB00013DD6 = {
						CreatedOnToolsVersion = 13.0;
					};
				};
			};
			buildConfigurationList = 75BDDEE52702D8AB00013DD6 /* Build configuration list for PBXProject "lottieAnimation" */;
			compatibilityVersion = "Xcode 13.0";
			developmentRegion = en;
			hasScannedForEncodings = 0;
			knownRegions = (
				en,
				Base,
			);
			mainGroup = 75BDDEE12702D8AB00013DD6;
			productRefGroup = 75BDDEEB2702D8AB00013DD6 /* Products */;
			projectDirPath = "";
			projectRoot = "";
			targets = (
				75BDDEE92702D8AB00013DD6 /* lottieAnimation */,
			);
		};
/* End PBXProject section */

/* Begin PBXResourcesBuildPhase section */
		75BDDEE82702D8AB00013DD6 /* Resources */ = {
			isa = PBXResourcesBuildPhase;
			buildActionMask = 2147483647;
			files = (
				75D4C9CB2702E12F008181A1 /* pizza.json in Resources */,
				75BDDEFA2702D8AE00013DD6 /* LaunchScreen.storyboard in Resources */,
				75BDDEF72702D8AE00013DD6 /* Assets.xcassets in Resources */,
				75BDDEF52702D8AB00013DD6 /* Main.storyboard in Resources */,
			);
			runOnlyForDeploymentPostprocessing = 0;
		};
/* End PBXResourcesBuildPhase section */

/* Begin PBXShellScriptBuildPhase section */
		9A0BD714E7B25B18F59BBFCA /* [CP] Embed Pods Frameworks */ = {
			isa = PBXShellScriptBuildPhase;
			buildActionMask = 2147483647;
			files = (
			);
			inputFileListPaths = (
				"${PODS_ROOT}/Target Support Files/Pods-lottieAnimation/Pods-lottieAnimation-frameworks-${CONFIGURATION}-input-files.xcfilelist",
			);
			name = "[CP] Embed Pods Frameworks";
			outputFileListPaths = (
				"${PODS_ROOT}/Target Support Files/Pods-lottieAnimation/Pods-lottieAnimation-frameworks-${CONFIGURATION}-output-files.xcfilelist",
			);
			runOnlyForDeploymentPostprocessing = 0;
			shellPath = /bin/sh;
			shellScript = "\"${PODS_ROOT}/Target Support Files/Pods-lottieAnimation/Pods-lottieAnimation-frameworks.sh\"\n";
			showEnvVarsInLog = 0;
		};
		FE52A07E6F53EFAF7D98A3AB /* [CP] Check Pods Manifest.lock */ = {
			isa = PBXShellScriptBuildPhase;
			buildActionMask = 2147483647;
			files = (
			);
			inputFileListPaths = (
			);
			inputPaths = (
				"${PODS_PODFILE_DIR_PATH}/Podfile.lock",
				"${PODS_ROOT}/Manifest.lock",
			);
			name = "[CP] Check Pods Manifest.lock";
			outputFileListPaths = (
			);
			outputPaths = (
				"$(DERIVED_FILE_DIR)/Pods-lottieAnimation-checkManifestLockResult.txt",
			);
			runOnlyForDeploymentPostprocessing = 0;
			shellPath = /bin/sh;
			shellScript = "diff \"${PODS_PODFILE_DIR_PATH}/Podfile.lock\" \"${PODS_ROOT}/Manifest.lock\" > /dev/null\nif [ $? != 0 ] ; then\n    # print error to STDERR\n    echo \"error: The sandbox is not in sync with the Podfile.lock. Run 'pod install' or update your CocoaPods installation.\" >&2\n    exit 1\nfi\n# This output is used by Xcode 'outputs' to avoid re-running this script phase.\necho \"SUCCESS\" > \"${SCRIPT_OUTPUT_FILE_0}\"\n";
			showEnvVarsInLog = 0;
		};
/* End PBXShellScriptBuildPhase section */

/* Begin PBXSourcesBuildPhase section */
		75BDDEE62702D8AB00013DD6 /* Sources */ = {
			isa = PBXSourcesBuildPhase;
			buildActionMask = 2147483647;
			files = (
				75BDDEF22702D8AB00013DD6 /* ViewController.swift in Sources */,
				75BDDEEE2702D8AB00013DD6 /* AppDelegate.swift in Sources */,
				75BDDEF02702D8AB00013DD6 /* SceneDelegate.swift in Sources */,
			);
			runOnlyForDeploymentPostprocessing = 0;
		};
/* End PBXSourcesBuildPhase section */

/* Begin PBXVariantGroup section */
		75BDDEF32702D8AB00013DD6 /* Main.storyboard */ = {
			isa = PBXVariantGroup;
			children = (
				75BDDEF42702D8AB00013DD6 /* Base */,
			);
			name = Main.storyboard;
			sourceTree = "<group>";
		};
		75BDDEF82702D8AE00013DD6 /* LaunchScreen.storyboard */ = {
			isa = PBXVariantGroup;
			children = (
				75BDDEF92702D8AE00013DD6 /* Base */,
			);
			name = LaunchScreen.storyboard;
			sourceTree = "<group>";
		};
/* End PBXVariantGroup section */

/* Begin XCBuildConfiguration section */
		75BDDEFC2702D8AE00013DD6 /* Debug */ = {
			isa = XCBuildConfiguration;
			buildSettings = {
				ALWAYS_SEARCH_USER_PATHS = NO;
				CLANG_ANALYZER_NONNULL = YES;
				CLANG_ANALYZER_NUMBER_OBJECT_CONVERSION = YES_AGGRESSIVE;
				CLANG_CXX_LANGUAGE_STANDARD = "gnu++17";
				CLANG_CXX_LIBRARY = "libc++";
				CLANG_ENABLE_MODULES = YES;
				CLANG_ENABLE_OBJC_ARC = YES;
				CLANG_ENABLE_OBJC_WEAK = YES;
				CLANG_WARN_BLOCK_CAPTURE_AUTORELEASING = YES;
				CLANG_WARN_BOOL_CONVERSION = YES;
				CLANG_WARN_COMMA = YES;
				CLANG_WARN_CONSTANT_CONVERSION = YES;
				CLANG_WARN_DEPRECATED_OBJC_IMPLEMENTATIONS = YES;
				CLANG_WARN_DIRECT_OBJC_ISA_USAGE = YES_ERROR;
				CLANG_WARN_DOCUMENTATION_COMMENTS = YES;
				CLANG_WARN_EMPTY_BODY = YES;
				CLANG_WARN_ENUM_CONVERSION = YES;
				CLANG_WARN_INFINITE_RECURSION = YES;
				CLANG_WARN_INT_CONVERSION = YES;
				CLANG_WARN_NON_LITERAL_NULL_CONVERSION = YES;
				CLANG_WARN_OBJC_IMPLICIT_RETAIN_SELF = YES;
				CLANG_WARN_OBJC_LITERAL_CONVERSION = YES;
				CLANG_WARN_OBJC_ROOT_CLASS = YES_ERROR;
				CLANG_WARN_QUOTED_INCLUDE_IN_FRAMEWORK_HEADER = YES;
				CLANG_WARN_RANGE_LOOP_ANALYSIS = YES;
				CLANG_WARN_STRICT_PROTOTYPES = YES;
				CLANG_WARN_SUSPICIOUS_MOVE = YES;
				CLANG_WARN_UNGUARDED_AVAILABILITY = YES_AGGRESSIVE;
				CLANG_WARN_UNREACHABLE_CODE = YES;
				CLANG_WARN__DUPLICATE_METHOD_MATCH = YES;
				COPY_PHASE_STRIP = NO;
				DEBUG_INFORMATION_FORMAT = dwarf;
				ENABLE_STRICT_OBJC_MSGSEND = YES;
				ENABLE_TESTABILITY = YES;
				GCC_C_LANGUAGE_STANDARD = gnu11;
				GCC_DYNAMIC_NO_PIC = NO;
				GCC_NO_COMMON_BLOCKS = YES;
				GCC_OPTIMIZATION_LEVEL = 0;
				GCC_PREPROCESSOR_DEFINITIONS = (
					"DEBUG=1",
					"$(inherited)",
				);
				GCC_WARN_64_TO_32_BIT_CONVERSION = YES;
				GCC_WARN_ABOUT_RETURN_TYPE = YES_ERROR;
				GCC_WARN_UNDECLARED_SELECTOR = YES;
				GCC_WARN_UNINITIALIZED_AUTOS = YES_AGGRESSIVE;
				GCC_WARN_UNUSED_FUNCTION = YES;
				GCC_WARN_UNUSED_VARIABLE = YES;
				IPHONEOS_DEPLOYMENT_TARGET = 15.0;
				MTL_ENABLE_DEBUG_INFO = INCLUDE_SOURCE;
				MTL_FAST_MATH = YES;
				ONLY_ACTIVE_ARCH = YES;
				SDKROOT = iphoneos;
				SWIFT_ACTIVE_COMPILATION_CONDITIONS = DEBUG;
				SWIFT_OPTIMIZATION_LEVEL = "-Onone";
			};
			name = Debug;
		};
		75BDDEFD2702D8AE00013DD6 /* Release */ = {
			isa = XCBuildConfiguration;
			buildSettings = {
				ALWAYS_SEARCH_USER_PATHS = NO;
				CLANG_ANALYZER_NONNULL = YES;
				CLANG_ANALYZER_NUMBER_OBJECT_CONVERSION = YES_AGGRESSIVE;
				CLANG_CXX_LANGUAGE_STANDARD = "gnu++17";
				CLANG_CXX_LIBRARY = "libc++";
				CLANG_ENABLE_MODULES = YES;
				CLANG_ENABLE_OBJC_ARC = YES;
				CLANG_ENABLE_OBJC_WEAK = YES;
				CLANG_WARN_BLOCK_CAPTURE_AUTORELEASING = YES;
				CLANG_WARN_BOOL_CONVERSION = YES;
				CLANG_WARN_COMMA = YES;
				CLANG_WARN_CONSTANT_CONVERSION = YES;
				CLANG_WARN_DEPRECATED_OBJC_IMPLEMENTATIONS = YES;
				CLANG_WARN_DIRECT_OBJC_ISA_USAGE = YES_ERROR;
				CLANG_WARN_DOCUMENTATION_COMMENTS = YES;
				CLANG_WARN_EMPTY_BODY = YES;
				CLANG_WARN_ENUM_CONVERSION = YES;
				CLANG_WARN_INFINITE_RECURSION = YES;
				CLANG_WARN_INT_CONVERSION = YES;
				CLANG_WARN_NON_LITERAL_NULL_CONVERSION = YES;
				CLANG_WARN_OBJC_IMPLICIT_RETAIN_SELF = YES;
				CLANG_WARN_OBJC_LITERAL_CONVERSION = YES;
				CLANG_WARN_OBJC_ROOT_CLASS = YES_ERROR;
				CLANG_WARN_QUOTED_INCLUDE_IN_FRAMEWORK_HEADER = YES;
				CLANG_WARN_RANGE_LOOP_ANALYSIS = YES;
				CLANG_WARN_STRICT_PROTOTYPES = YES;
				CLANG_WARN_SUSPICIOUS_MOVE = YES;
				CLANG_WARN_UNGUARDED_AVAILABILITY = YES_AGGRESSIVE;
				CLANG_WARN_UNREACHABLE_CODE = YES;
				CLANG_WARN__DUPLICATE_METHOD_MATCH = YES;
				COPY_PHASE_STRIP = NO;
				DEBUG_INFORMATION_FORMAT = "dwarf-with-dsym";
				ENABLE_NS_ASSERTIONS = NO;
				ENABLE_STRICT_OBJC_MSGSEND = YES;
				GCC_C_LANGUAGE_STANDARD = gnu11;
				GCC_NO_COMMON_BLOCKS = YES;
				GCC_WARN_64_TO_32_BIT_CONVERSION = YES;
				GCC_WARN_ABOUT_RETURN_TYPE = YES_ERROR;
				GCC_WARN_UNDECLARED_SELECTOR = YES;
				GCC_WARN_UNINITIALIZED_AUTOS = YES_AGGRESSIVE;
				GCC_WARN_UNUSED_FUNCTION = YES;
				GCC_WARN_UNUSED_VARIABLE = YES;
				IPHONEOS_DEPLOYMENT_TARGET = 15.0;
				MTL_ENABLE_DEBUG_INFO = NO;
				MTL_FAST_MATH = YES;
				SDKROOT = iphoneos;
				SWIFT_COMPILATION_MODE = wholemodule;
				SWIFT_OPTIMIZATION_LEVEL = "-O";
				VALIDATE_PRODUCT = YES;
			};
			name = Release;
		};
		75BDDEFF2702D8AE00013DD6 /* Debug */ = {
			isa = XCBuildConfiguration;
			baseConfigurationReference = 1BBEA28BCB915687F06A9FEE /* Pods-lottieAnimation.debug.xcconfig */;
			buildSettings = {
				ASSETCATALOG_COMPILER_APPICON_NAME = AppIcon;
				ASSETCATALOG_COMPILER_GLOBAL_ACCENT_COLOR_NAME = AccentColor;
				CODE_SIGN_STYLE = Automatic;
				CURRENT_PROJECT_VERSION = 1;
				GENERATE_INFOPLIST_FILE = YES;
				INFOPLIST_FILE = lottieAnimation/Info.plist;
				INFOPLIST_KEY_UIApplicationSupportsIndirectInputEvents = YES;
				INFOPLIST_KEY_UILaunchStoryboardName = LaunchScreen;
				INFOPLIST_KEY_UIMainStoryboardFile = Main;
				INFOPLIST_KEY_UISupportedInterfaceOrientations_iPad = "UIInterfaceOrientationPortrait UIInterfaceOrientationPortraitUpsideDown UIInterfaceOrientationLandscapeLeft UIInterfaceOrientationLandscapeRight";
				INFOPLIST_KEY_UISupportedInterfaceOrientations_iPhone = "UIInterfaceOrientationPortrait UIInterfaceOrientationLandscapeLeft UIInterfaceOrientationLandscapeRight";
				LD_RUNPATH_SEARCH_PATHS = (
					"$(inherited)",
					"@executable_path/Frameworks",
				);
				MARKETING_VERSION = 1.0;
				PRODUCT_BUNDLE_IDENTIFIER = ignatiojulian.lottieAnimation;
				PRODUCT_NAME = "$(TARGET_NAME)";
				SWIFT_EMIT_LOC_STRINGS = YES;
				SWIFT_VERSION = 5.0;
				TARGETED_DEVICE_FAMILY = "1,2";
			};
			name = Debug;
		};
		75BDDF002702D8AE00013DD6 /* Release */ = {
			isa = XCBuildConfiguration;
			baseConfigurationReference = E6673F9B840EDFE66F6D69F6 /* Pods-lottieAnimation.release.xcconfig */;
			buildSettings = {
				ASSETCATALOG_COMPILER_APPICON_NAME = AppIcon;
				ASSETCATALOG_COMPILER_GLOBAL_ACCENT_COLOR_NAME = AccentColor;
				CODE_SIGN_STYLE = Automatic;
				CURRENT_PROJECT_VERSION = 1;
				GENERATE_INFOPLIST_FILE = YES;
				INFOPLIST_FILE = lottieAnimation/Info.plist;
				INFOPLIST_KEY_UIApplicationSupportsIndirectInputEvents = YES;
				INFOPLIST_KEY_UILaunchStoryboardName = LaunchScreen;
				INFOPLIST_KEY_UIMainStoryboardFile = Main;
				INFOPLIST_KEY_UISupportedInterfaceOrientations_iPad = "UIInterfaceOrientationPortrait UIInterfaceOrientationPortraitUpsideDown UIInterfaceOrientationLandscapeLeft UIInterfaceOrientationLandscapeRight";
				INFOPLIST_KEY_UISupportedInterfaceOrientations_iPhone = "UIInterfaceOrientationPortrait UIInterfaceOrientationLandscapeLeft UIInterfaceOrientationLandscapeRight";
				LD_RUNPATH_SEARCH_PATHS = (
					"$(inherited)",
					"@executable_path/Frameworks",
				);
				MARKETING_VERSION = 1.0;
				PRODUCT_BUNDLE_IDENTIFIER = ignatiojulian.lottieAnimation;
				PRODUCT_NAME = "$(TARGET_NAME)";
				SWIFT_EMIT_LOC_STRINGS = YES;
				SWIFT_VERSION = 5.0;
				TARGETED_DEVICE_FAMILY = "1,2";
			};
			name = Release;
		};
/* End XCBuildConfiguration section */

/* Begin XCConfigurationList section */
		75BDDEE52702D8AB00013DD6 /* Build configuration list for PBXProject "lottieAnimation" */ = {
			isa = XCConfigurationList;
			buildConfigurations = (
				75BDDEFC2702D8AE00013DD6 /* Debug */,
				75BDDEFD2702D8AE00013DD6 /* Release */,
			);
			defaultConfigurationIsVisible = 0;
			defaultConfigurationName = Release;
		};
		75BDDEFE2702D8AE00013DD6 /* Build configuration list for PBXNativeTarget "lottieAnimation" */ = {
			isa = XCConfigurationList;
			buildConfigurations = (
				75BDDEFF2702D8AE00013DD6 /* Debug */,
				75BDDF002702D8AE00013DD6 /* Release */,
			);
			defaultConfigurationIsVisible = 0;
			defaultConfigurationName = Release;
		};
/* End XCConfigurationList section */
	};
	rootObject = 75BDDEE22702D8AB00013DD6 /* Project object */;
}
